
Microsoft Visual Studio Solution File, Format Version 12.00
# Visual Studio Version 17
VisualStudioVersion = 17.8.34511.84
MinimumVisualStudioVersion = 10.0.40219.1
Project("{FAE04EC0-301F-11D3-BF4B-00C04F79EFBC}") = "PROYECTOU.Entity", "PROYECTOU.Entity\PROYECTOU.Entity.csproj", "{2695DA6E-6466-4DE9-99D9-273186035536}"
EndProject
Project("{FAE04EC0-301F-11D3-BF4B-00C04F79EFBC}") = "PROYECTOU.DAL", "PROYECTOU.DAL\PROYECTOU.DAL.csproj", "{B76EB7A8-5A3C-4C7B-B75B-D9CAA4BEFD63}"
EndProject
Global
	GlobalSection(SolutionConfigurationPlatforms) = preSolution
		Debug|Any CPU = Debug|Any CPU
		Release|Any CPU = Release|Any CPU
	EndGlobalSection
	GlobalSection(ProjectConfigurationPlatforms) = postSolution
		{2695DA6E-6466-4DE9-99D9-273186035536}.Debug|Any CPU.ActiveCfg = Debug|Any CPU
		{2695DA6E-6466-4DE9-99D9-273186035536}.Debug|Any CPU.Build.0 = Debug|Any CPU
		{2695DA6E-6466-4DE9-99D9-273186035536}.Release|Any CPU.ActiveCfg = Release|Any CPU
		{2695DA6E-6466-4DE9-99D9-273186035536}.Release|Any CPU.Build.0 = Release|Any CPU
		{B76EB7A8-5A3C-4C7B-B75B-D9CAA4BEFD63}.Debug|Any CPU.ActiveCfg = Debug|Any CPU
		{B76EB7A8-5A3C-4C7B-B75B-D9CAA4BEFD63}.Debug|Any CPU.Build.0 = Debug|Any CPU
		{B76EB7A8-5A3C-4C7B-B75B-D9CAA4BEFD63}.Release|Any CPU.ActiveCfg = Release|Any CPU
		{B76EB7A8-5A3C-4C7B-B75B-D9CAA4BEFD63}.Release|Any CPU.Build.0 = Release|Any CPU
	EndGlobalSection
	GlobalSection(SolutionProperties) = preSolution
		HideSolutionNode = FALSE
	EndGlobalSection
	GlobalSection(ExtensibilityGlobals) = postSolution
		SolutionGuid = {CBA0DBE7-1AE3-475C-B11A-6CA7DF872B85}
	EndGlobalSection
EndGlobal
